
Microsoft Visual Studio Solution File, Format Version 12.00
# Visual Studio Version 17
VisualStudioVersion = 17.3.32819.101
MinimumVisualStudioVersion = 10.0.40219.1
Project("{FAE04EC0-301F-11D3-BF4B-00C04F79EFBC}") = "Advent of Code", "AOC\Advent of Code.csproj", "{63EBFCE5-0652-427F-96E3-0AF85C6922F4}"
EndProject
Global
	GlobalSection(SolutionConfigurationPlatforms) = preSolution
		Debug|Any CPU = Debug|Any CPU
		Release|Any CPU = Release|Any CPU
	EndGlobalSection
	GlobalSection(ProjectConfigurationPlatforms) = postSolution
		{63EBFCE5-0652-427F-96E3-0AF85C6922F4}.Debug|Any CPU.ActiveCfg = Debug|Any CPU
		{63EBFCE5-0652-427F-96E3-0AF85C6922F4}.Debug|Any CPU.Build.0 = Debug|Any CPU
		{63EBFCE5-0652-427F-96E3-0AF85C6922F4}.Release|Any CPU.ActiveCfg = Release|Any CPU
		{63EBFCE5-0652-427F-96E3-0AF85C6922F4}.Release|Any CPU.Build.0 = Release|Any CPU
	EndGlobalSection
	GlobalSection(SolutionProperties) = preSolution
		HideSolutionNode = FALSE
	EndGlobalSection
	GlobalSection(ExtensibilityGlobals) = postSolution
		SolutionGuid = {55719390-F524-4068-88C4-8F7E7F33602C}
	EndGlobalSection
EndGlobal
